// !$*UTF8*$!
{
	archiveVersion = 1;
	classes = {
	};
	objectVersion = 56;
	objects = {

/* Begin PBXBuildFile section */
		F6B86A6A29A368D3009B4FCF /* AppDelegate.swift in Sources */ = {isa = PBXBuildFile; fileRef = F6B86A6929A368D3009B4FCF /* AppDelegate.swift */; };
		F6B86A6C29A368D3009B4FCF /* ContentView.swift in Sources */ = {isa = PBXBuildFile; fileRef = F6B86A6B29A368D3009B4FCF /* ContentView.swift */; };
		F6B86A7029A368D4009B4FCF /* Assets.xcassets in Resources */ = {isa = PBXBuildFile; fileRef = F6B86A6F29A368D4009B4FCF /* Assets.xcassets */; };
		F6B86A7329A368D4009B4FCF /* Preview Assets.xcassets in Resources */ = {isa = PBXBuildFile; fileRef = F6B86A7229A368D4009B4FCF /* Preview Assets.xcassets */; };
		F6B86A7C29A36F3C009B4FCF /* Apple_Free_USDZ.usdz in Resources */ = {isa = PBXBuildFile; fileRef = F6B86A7B29A36F3C009B4FCF /* Apple_Free_USDZ.usdz */; };
		F6B86A7E29A371B2009B4FCF /* ARQuickLookViewController.swift in Sources */ = {isa = PBXBuildFile; fileRef = F6B86A7D29A371B2009B4FCF /* ARQuickLookViewController.swift */; };
		F6B86A8029A371CF009B4FCF /* ARQuickLookView.swift in Sources */ = {isa = PBXBuildFile; fileRef = F6B86A7F29A371CF009B4FCF /* ARQuickLookView.swift */; };
		F6B86A8229A37207009B4FCF /* ARQuickLookView+ViewModel.swift in Sources */ = {isa = PBXBuildFile; fileRef = F6B86A8129A37207009B4FCF /* ARQuickLookView+ViewModel.swift */; };
/* End PBXBuildFile section */

/* Begin PBXFileReference section */
		F6B86A6629A368D3009B4FCF /* ARQuickLookView.app */ = {isa = PBXFileReference; explicitFileType = wrapper.application; includeInIndex = 0; path = ARQuickLookView.app; sourceTree = BUILT_PRODUCTS_DIR; };
		F6B86A6929A368D3009B4FCF /* AppDelegate.swift */ = {isa = PBXFileReference; lastKnownFileType = sourcecode.swift; path = AppDelegate.swift; sourceTree = "<group>"; };
		F6B86A6B29A368D3009B4FCF /* ContentView.swift */ = {isa = PBXFileReference; lastKnownFileType = sourcecode.swift; path = ContentView.swift; sourceTree = "<group>"; };
		F6B86A6F29A368D4009B4FCF /* Assets.xcassets */ = {isa = PBXFileReference; lastKnownFileType = folder.assetcatalog; path = Assets.xcassets; sourceTree = "<group>"; };
		F6B86A7229A368D4009B4FCF /* Preview Assets.xcassets */ = {isa = PBXFileReference; lastKnownFileType = folder.assetcatalog; path = "Preview Assets.xcassets"; sourceTree = "<group>"; };
		F6B86A7B29A36F3C009B4FCF /* Apple_Free_USDZ.usdz */ = {isa = PBXFileReference; lastKnownFileType = file.usdz; path = Apple_Free_USDZ.usdz; sourceTree = "<group>"; };
		F6B86A7D29A371B2009B4FCF /* ARQuickLookViewController.swift */ = {isa = PBXFileReference; lastKnownFileType = sourcecode.swift; path = ARQuickLookViewController.swift; sourceTree = "<group>"; };
		F6B86A7F29A371CF009B4FCF /* ARQuickLookView.swift */ = {isa = PBXFileReference; lastKnownFileType = sourcecode.swift; path = ARQuickLookView.swift; sourceTree = "<group>"; };
		F6B86A8129A37207009B4FCF /* ARQuickLookView+ViewModel.swift */ = {isa = PBXFileReference; lastKnownFileType = sourcecode.swift; path = "ARQuickLookView+ViewModel.swift"; sourceTree = "<group>"; };
/* End PBXFileReference section */

/* Begin PBXFrameworksBuildPhase section */
		F6B86A6329A368D3009B4FCF /* Frameworks */ = {
			isa = PBXFrameworksBuildPhase;
			buildActionMask = 2147483647;
			files = (
			);
			runOnlyForDeploymentPostprocessing = 0;
		};
/* End PBXFrameworksBuildPhase section */

/* Begin PBXGroup section */
		F6B86A5D29A368D3009B4FCF = {
			isa = PBXGroup;
			children = (
				F6B86A6829A368D3009B4FCF /* ARQuickLookView */,
				F6B86A6729A368D3009B4FCF /* Products */,
			);
			sourceTree = "<group>";
		};
		F6B86A6729A368D3009B4FCF /* Products */ = {
			isa = PBXGroup;
			children = (
				F6B86A6629A368D3009B4FCF /* ARQuickLookView.app */,
			);
			name = Products;
			sourceTree = "<group>";
		};
		F6B86A6829A368D3009B4FCF /* ARQuickLookView */ = {
			isa = PBXGroup;
			children = (
				F6B86A6929A368D3009B4FCF /* AppDelegate.swift */,
				F6B86A6B29A368D3009B4FCF /* ContentView.swift */,
				F6B86A7D29A371B2009B4FCF /* ARQuickLookViewController.swift */,
				F6B86A7F29A371CF009B4FCF /* ARQuickLookView.swift */,
				F6B86A8129A37207009B4FCF /* ARQuickLookView+ViewModel.swift */,
				F6B86A7B29A36F3C009B4FCF /* Apple_Free_USDZ.usdz */,
				F6B86A6F29A368D4009B4FCF /* Assets.xcassets */,
				F6B86A7129A368D4009B4FCF /* Preview Content */,
			);
			path = ARQuickLookView;
			sourceTree = "<group>";
		};
		F6B86A7129A368D4009B4FCF /* Preview Content */ = {
			isa = PBXGroup;
			children = (
				F6B86A7229A368D4009B4FCF /* Preview Assets.xcassets */,
			);
			path = "Preview Content";
			sourceTree = "<group>";
		};
/* End PBXGroup section */

/* Begin PBXNativeTarget section */
		F6B86A6529A368D3009B4FCF /* ARQuickLookView */ = {
			isa = PBXNativeTarget;
			buildConfigurationList = F6B86A7629A368D4009B4FCF /* Build configuration list for PBXNativeTarget "ARQuickLookView" */;
			buildPhases = (
				F6B86A6229A368D3009B4FCF /* Sources */,
				F6B86A6329A368D3009B4FCF /* Frameworks */,
				F6B86A6429A368D3009B4FCF /* Resources */,
			);
			buildRules = (
			);
			dependencies = (
			);
			name = ARQuickLookView;
			productName = ARQuickLookView;
			productReference = F6B86A6629A368D3009B4FCF /* ARQuickLookView.app */;
			productType = "com.apple.product-type.application";
		};
/* End PBXNativeTarget section */

/* Begin PBXProject section */
		F6B86A5E29A368D3009B4FCF /* Project object */ = {
			isa = PBXProject;
			attributes = {
				BuildIndependentTargetsInParallel = 1;
				LastSwiftUpdateCheck = 1420;
				LastUpgradeCheck = 1420;
				TargetAttributes = {
					F6B86A6529A368D3009B4FCF = {
						CreatedOnToolsVersion = 14.2;
					};
				};
			};
			buildConfigurationList = F6B86A6129A368D3009B4FCF /* Build configuration list for PBXProject "ARQuickLookView" */;
			compatibilityVersion = "Xcode 14.0";
			developmentRegion = en;
			hasScannedForEncodings = 0;
			knownRegions = (
				en,
				Base,
			);
			mainGroup = F6B86A5D29A368D3009B4FCF;
			productRefGroup = F6B86A6729A368D3009B4FCF /* Products */;
			projectDirPath = "";
			projectRoot = "";
			targets = (
				F6B86A6529A368D3009B4FCF /* ARQuickLookView */,
			);
		};
/* End PBXProject section */

/* Begin PBXResourcesBuildPhase section */
		F6B86A6429A368D3009B4FCF /* Resources */ = {
			isa = PBXResourcesBuildPhase;
			buildActionMask = 2147483647;
			files = (
				F6B86A7C29A36F3C009B4FCF /* Apple_Free_USDZ.usdz in Resources */,
				F6B86A7329A368D4009B4FCF /* Preview Assets.xcassets in Resources */,
				F6B86A7029A368D4009B4FCF /* Assets.xcassets in Resources */,
			);
			runOnlyForDeploymentPostprocessing = 0;
		};
/* End PBXResourcesBuildPhase section */

/* Begin PBXSourcesBuildPhase section */
		F6B86A6229A368D3009B4FCF /* Sources */ = {
			isa = PBXSourcesBuildPhase;
			buildActionMask = 2147483647;
			files = (
				F6B86A8029A371CF009B4FCF /* ARQuickLookView.swift in Sources */,
				F6B86A7E29A371B2009B4FCF /* ARQuickLookViewController.swift in Sources */,
				F6B86A6C29A368D3009B4FCF /* ContentView.swift in Sources */,
				F6B86A8229A37207009B4FCF /* ARQuickLookView+ViewModel.swift in Sources */,
				F6B86A6A29A368D3009B4FCF /* AppDelegate.swift in Sources */,
			);
			runOnlyForDeploymentPostprocessing = 0;
		};
/* End PBXSourcesBuildPhase section */

/* Begin XCBuildConfiguration section */
		F6B86A7429A368D4009B4FCF /* Debug */ = {
			isa = XCBuildConfiguration;
			buildSettings = {
				ALWAYS_SEARCH_USER_PATHS = NO;
				CLANG_ANALYZER_NONNULL = YES;
				CLANG_ANALYZER_NUMBER_OBJECT_CONVERSION = YES_AGGRESSIVE;
				CLANG_CXX_LANGUAGE_STANDARD = "gnu++20";
				CLANG_ENABLE_MODULES = YES;
				CLANG_ENABLE_OBJC_ARC = YES;
				CLANG_ENABLE_OBJC_WEAK = YES;
				CLANG_WARN_BLOCK_CAPTURE_AUTORELEASING = YES;
				CLANG_WARN_BOOL_CONVERSION = YES;
				CLANG_WARN_COMMA = YES;
				CLANG_WARN_CONSTANT_CONVERSION = YES;
				CLANG_WARN_DEPRECATED_OBJC_IMPLEMENTATIONS = YES;
				CLANG_WARN_DIRECT_OBJC_ISA_USAGE = YES_ERROR;
				CLANG_WARN_DOCUMENTATION_COMMENTS = YES;
				CLANG_WARN_EMPTY_BODY = YES;
				CLANG_WARN_ENUM_CONVERSION = YES;
				CLANG_WARN_INFINITE_RECURSION = YES;
				CLANG_WARN_INT_CONVERSION = YES;
				CLANG_WARN_NON_LITERAL_NULL_CONVERSION = YES;
				CLANG_WARN_OBJC_IMPLICIT_RETAIN_SELF = YES;
				CLANG_WARN_OBJC_LITERAL_CONVERSION = YES;
				CLANG_WARN_OBJC_ROOT_CLASS = YES_ERROR;
				CLANG_WARN_QUOTED_INCLUDE_IN_FRAMEWORK_HEADER = YES;
				CLANG_WARN_RANGE_LOOP_ANALYSIS = YES;
				CLANG_WARN_STRICT_PROTOTYPES = YES;
				CLANG_WARN_SUSPICIOUS_MOVE = YES;
				CLANG_WARN_UNGUARDED_AVAILABILITY = YES_AGGRESSIVE;
				CLANG_WARN_UNREACHABLE_CODE = YES;
				CLANG_WARN__DUPLICATE_METHOD_MATCH = YES;
				COPY_PHASE_STRIP = NO;
				DEBUG_INFORMATION_FORMAT = dwarf;
				ENABLE_STRICT_OBJC_MSGSEND = YES;
				ENABLE_TESTABILITY = YES;
				GCC_C_LANGUAGE_STANDARD = gnu11;
				GCC_DYNAMIC_NO_PIC = NO;
				GCC_NO_COMMON_BLOCKS = YES;
				GCC_OPTIMIZATION_LEVEL = 0;
				GCC_PREPROCESSOR_DEFINITIONS = (
					"DEBUG=1",
					"$(inherited)",
				);
				GCC_WARN_64_TO_32_BIT_CONVERSION = YES;
				GCC_WARN_ABOUT_RETURN_TYPE = YES_ERROR;
				GCC_WARN_UNDECLARED_SELECTOR = YES;
				GCC_WARN_UNINITIALIZED_AUTOS = YES_AGGRESSIVE;
				GCC_WARN_UNUSED_FUNCTION = YES;
				GCC_WARN_UNUSED_VARIABLE = YES;
				IPHONEOS_DEPLOYMENT_TARGET = 16.2;
				MTL_ENABLE_DEBUG_INFO = INCLUDE_SOURCE;
				MTL_FAST_MATH = YES;
				ONLY_ACTIVE_ARCH = YES;
				SDKROOT = iphoneos;
				SWIFT_ACTIVE_COMPILATION_CONDITIONS = DEBUG;
				SWIFT_OPTIMIZATION_LEVEL = "-Onone";
			};
			name = Debug;
		};
		F6B86A7529A368D4009B4FCF /* Release */ = {
			isa = XCBuildConfiguration;
			buildSettings = {
				ALWAYS_SEARCH_USER_PATHS = NO;
				CLANG_ANALYZER_NONNULL = YES;
				CLANG_ANALYZER_NUMBER_OBJECT_CONVERSION = YES_AGGRESSIVE;
				CLANG_CXX_LANGUAGE_STANDARD = "gnu++20";
				CLANG_ENABLE_MODULES = YES;
				CLANG_ENABLE_OBJC_ARC = YES;
				CLANG_ENABLE_OBJC_WEAK = YES;
				CLANG_WARN_BLOCK_CAPTURE_AUTORELEASING = YES;
				CLANG_WARN_BOOL_CONVERSION = YES;
				CLANG_WARN_COMMA = YES;
				CLANG_WARN_CONSTANT_CONVERSION = YES;
				CLANG_WARN_DEPRECATED_OBJC_IMPLEMENTATIONS = YES;
				CLANG_WARN_DIRECT_OBJC_ISA_USAGE = YES_ERROR;
				CLANG_WARN_DOCUMENTATION_COMMENTS = YES;
				CLANG_WARN_EMPTY_BODY = YES;
				CLANG_WARN_ENUM_CONVERSION = YES;
				CLANG_WARN_INFINITE_RECURSION = YES;
				CLANG_WARN_INT_CONVERSION = YES;
				CLANG_WARN_NON_LITERAL_NULL_CONVERSION = YES;
				CLANG_WARN_OBJC_IMPLICIT_RETAIN_SELF = YES;
				CLANG_WARN_OBJC_LITERAL_CONVERSION = YES;
				CLANG_WARN_OBJC_ROOT_CLASS = YES_ERROR;
				CLANG_WARN_QUOTED_INCLUDE_IN_FRAMEWORK_HEADER = YES;
				CLANG_WARN_RANGE_LOOP_ANALYSIS = YES;
				CLANG_WARN_STRICT_PROTOTYPES = YES;
				CLANG_WARN_SUSPICIOUS_MOVE = YES;
				CLANG_WARN_UNGUARDED_AVAILABILITY = YES_AGGRESSIVE;
				CLANG_WARN_UNREACHABLE_CODE = YES;
				CLANG_WARN__DUPLICATE_METHOD_MATCH = YES;
				COPY_PHASE_STRIP = NO;
				DEBUG_INFORMATION_FORMAT = "dwarf-with-dsym";
				ENABLE_NS_ASSERTIONS = NO;
				ENABLE_STRICT_OBJC_MSGSEND = YES;
				GCC_C_LANGUAGE_STANDARD = gnu11;
				GCC_NO_COMMON_BLOCKS = YES;
				GCC_WARN_64_TO_32_BIT_CONVERSION = YES;
				GCC_WARN_ABOUT_RETURN_TYPE = YES_ERROR;
				GCC_WARN_UNDECLARED_SELECTOR = YES;
				GCC_WARN_UNINITIALIZED_AUTOS = YES_AGGRESSIVE;
				GCC_WARN_UNUSED_FUNCTION = YES;
				GCC_WARN_UNUSED_VARIABLE = YES;
				IPHONEOS_DEPLOYMENT_TARGET = 16.2;
				MTL_ENABLE_DEBUG_INFO = NO;
				MTL_FAST_MATH = YES;
				SDKROOT = iphoneos;
				SWIFT_COMPILATION_MODE = wholemodule;
				SWIFT_OPTIMIZATION_LEVEL = "-O";
				VALIDATE_PRODUCT = YES;
			};
			name = Release;
		};
		F6B86A7729A368D4009B4FCF /* Debug */ = {
			isa = XCBuildConfiguration;
			buildSettings = {
				ASSETCATALOG_COMPILER_APPICON_NAME = AppIcon;
				ASSETCATALOG_COMPILER_GLOBAL_ACCENT_COLOR_NAME = AccentColor;
				CODE_SIGN_STYLE = Automatic;
				CURRENT_PROJECT_VERSION = 1;
				DEVELOPMENT_ASSET_PATHS = "\"ARQuickLookView/Preview Content\"";
				DEVELOPMENT_TEAM = 4574F346W6;
				ENABLE_PREVIEWS = YES;
				GENERATE_INFOPLIST_FILE = YES;
				INFOPLIST_KEY_NSCameraUsageDescription = "";
				INFOPLIST_KEY_UIApplicationSupportsIndirectInputEvents = YES;
				INFOPLIST_KEY_UILaunchScreen_Generation = YES;
				INFOPLIST_KEY_UIRequiredDeviceCapabilities = arkit;
				INFOPLIST_KEY_UIStatusBarHidden = YES;
				INFOPLIST_KEY_UISupportedInterfaceOrientations_iPad = "UIInterfaceOrientationPortrait UIInterfaceOrientationPortraitUpsideDown UIInterfaceOrientationLandscapeLeft UIInterfaceOrientationLandscapeRight";
				INFOPLIST_KEY_UISupportedInterfaceOrientations_iPhone = "UIInterfaceOrientationPortrait UIInterfaceOrientationLandscapeLeft UIInterfaceOrientationLandscapeRight";
				IPHONEOS_DEPLOYMENT_TARGET = 15.0;
				LD_RUNPATH_SEARCH_PATHS = (
					"$(inherited)",
					"@executable_path/Frameworks",
				);
				MARKETING_VERSION = 1.0;
				PRODUCT_BUNDLE_IDENTIFIER = coom.excellence.ARQuickLookView;
				PRODUCT_NAME = "$(TARGET_NAME)";
				SWIFT_EMIT_LOC_STRINGS = YES;
				SWIFT_VERSION = 5.0;
				TARGETED_DEVICE_FAMILY = "1,2";
			};
			name = Debug;
		};
		F6B86A7829A368D4009B4FCF /* Release */ = {
			isa = XCBuildConfiguration;
			buildSettings = {
				ASSETCATALOG_COMPILER_APPICON_NAME = AppIcon;
				ASSETCATALOG_COMPILER_GLOBAL_ACCENT_COLOR_NAME = AccentColor;
				CODE_SIGN_STYLE = Automatic;
				CURRENT_PROJECT_VERSION = 1;
				DEVELOPMENT_ASSET_PATHS = "\"ARQuickLookView/Preview Content\"";
				DEVELOPMENT_TEAM = 4574F346W6;
				ENABLE_PREVIEWS = YES;
				GENERATE_INFOPLIST_FILE = YES;
				INFOPLIST_KEY_NSCameraUsageDescription = "";
				INFOPLIST_KEY_UIApplicationSupportsIndirectInputEvents = YES;
				INFOPLIST_KEY_UILaunchScreen_Generation = YES;
				INFOPLIST_KEY_UIRequiredDeviceCapabilities = arkit;
				INFOPLIST_KEY_UIStatusBarHidden = YES;
				INFOPLIST_KEY_UISupportedInterfaceOrientations_iPad = "UIInterfaceOrientationPortrait UIInterfaceOrientationPortraitUpsideDown UIInterfaceOrientationLandscapeLeft UIInterfaceOrientationLandscapeRight";
				INFOPLIST_KEY_UISupportedInterfaceOrientations_iPhone = "UIInterfaceOrientationPortrait UIInterfaceOrientationLandscapeLeft UIInterfaceOrientationLandscapeRight";
				IPHONEOS_DEPLOYMENT_TARGET = 15.0;
				LD_RUNPATH_SEARCH_PATHS = (
					"$(inherited)",
					"@executable_path/Frameworks",
				);
				MARKETING_VERSION = 1.0;
				PRODUCT_BUNDLE_IDENTIFIER = coom.excellence.ARQuickLookView;
				PRODUCT_NAME = "$(TARGET_NAME)";
				SWIFT_EMIT_LOC_STRINGS = YES;
				SWIFT_VERSION = 5.0;
				TARGETED_DEVICE_FAMILY = "1,2";
			};
			name = Release;
		};
/* End XCBuildConfiguration section */

/* Begin XCConfigurationList section */
		F6B86A6129A368D3009B4FCF /* Build configuration list for PBXProject "ARQuickLookView" */ = {
			isa = XCConfigurationList;
			buildConfigurations = (
				F6B86A7429A368D4009B4FCF /* Debug */,
				F6B86A7529A368D4009B4FCF /* Release */,
			);
			defaultConfigurationIsVisible = 0;
			defaultConfigurationName = Release;
		};
		F6B86A7629A368D4009B4FCF /* Build configuration list for PBXNativeTarget "ARQuickLookView" */ = {
			isa = XCConfigurationList;
			buildConfigurations = (
				F6B86A7729A368D4009B4FCF /* Debug */,
				F6B86A7829A368D4009B4FCF /* Release */,
			);
			defaultConfigurationIsVisible = 0;
			defaultConfigurationName = Release;
		};
/* End XCConfigurationList section */
	};
	rootObject = F6B86A5E29A368D3009B4FCF /* Project object */;
}
